
Microsoft Visual Studio Solution File, Format Version 12.00
# Visual Studio Version 17
VisualStudioVersion = 17.11.35208.52
MinimumVisualStudioVersion = 10.0.40219.1
Project("{FAE04EC0-301F-11D3-BF4B-00C04F79EFBC}") = "楼层管理器", "楼层管理器\楼层管理器.csproj", "{F0A2A23D-D200-49AA-9245-EB36FC25A52B}"
EndProject
Global
	GlobalSection(SolutionConfigurationPlatforms) = preSolution
		Debug|Any CPU = Debug|Any CPU
		Release|Any CPU = Release|Any CPU
	EndGlobalSection
	GlobalSection(ProjectConfigurationPlatforms) = postSolution
		{F0A2A23D-D200-49AA-9245-EB36FC25A52B}.Debug|Any CPU.ActiveCfg = Debug|Any CPU
		{F0A2A23D-D200-49AA-9245-EB36FC25A52B}.Debug|Any CPU.Build.0 = Debug|Any CPU
		{F0A2A23D-D200-49AA-9245-EB36FC25A52B}.Release|Any CPU.ActiveCfg = Release|Any CPU
		{F0A2A23D-D200-49AA-9245-EB36FC25A52B}.Release|Any CPU.Build.0 = Release|Any CPU
	EndGlobalSection
	GlobalSection(SolutionProperties) = preSolution
		HideSolutionNode = FALSE
	EndGlobalSection
	GlobalSection(ExtensibilityGlobals) = postSolution
		SolutionGuid = {1A2480FC-25E3-45A8-8D4D-CDE4A519F964}
	EndGlobalSection
EndGlobal
